// !$*UTF8*$!
{
	archiveVersion = 1;
	classes = {
	};
	objectVersion = 46;
	objects = {

/* Begin PBXBuildFile section */
		54FDE77C1C71581600026292 /* AppDelegate.swift in Sources */ = {isa = PBXBuildFile; fileRef = 54FDE77B1C71581600026292 /* AppDelegate.swift */; };
		54FDE77E1C71581600026292 /* ViewController.swift in Sources */ = {isa = PBXBuildFile; fileRef = 54FDE77D1C71581600026292 /* ViewController.swift */; };
		54FDE7811C71581600026292 /* Main.storyboard in Resources */ = {isa = PBXBuildFile; fileRef = 54FDE77F1C71581600026292 /* Main.storyboard */; };
		54FDE7831C71581700026292 /* Assets.xcassets in Resources */ = {isa = PBXBuildFile; fileRef = 54FDE7821C71581700026292 /* Assets.xcassets */; };
		54FDE7861C71581700026292 /* LaunchScreen.storyboard in Resources */ = {isa = PBXBuildFile; fileRef = 54FDE7841C71581700026292 /* LaunchScreen.storyboard */; };
		54FDE7911C71581700026292 /* TwitterTests.swift in Sources */ = {isa = PBXBuildFile; fileRef = 54FDE7901C71581700026292 /* TwitterTests.swift */; };
		54FDE79C1C71581700026292 /* TwitterUITests.swift in Sources */ = {isa = PBXBuildFile; fileRef = 54FDE79B1C71581700026292 /* TwitterUITests.swift */; };
/* End PBXBuildFile section */

/* Begin PBXContainerItemProxy section */
		54FDE78D1C71581700026292 /* PBXContainerItemProxy */ = {
			isa = PBXContainerItemProxy;
			containerPortal = 54FDE7701C71581600026292 /* Project object */;
			proxyType = 1;
			remoteGlobalIDString = 54FDE7771C71581600026292;
			remoteInfo = Twitter;
		};
		54FDE7981C71581700026292 /* PBXContainerItemProxy */ = {
			isa = PBXContainerItemProxy;
			containerPortal = 54FDE7701C71581600026292 /* Project object */;
			proxyType = 1;
			remoteGlobalIDString = 54FDE7771C71581600026292;
			remoteInfo = Twitter;
		};
/* End PBXContainerItemProxy section */

/* Begin PBXFileReference section */
		54FDE7781C71581600026292 /* Twitter.app */ = {isa = PBXFileReference; explicitFileType = wrapper.application; includeInIndex = 0; path = Twitter.app; sourceTree = BUILT_PRODUCTS_DIR; };
		54FDE77B1C71581600026292 /* AppDelegate.swift */ = {isa = PBXFileReference; lastKnownFileType = sourcecode.swift; path = AppDelegate.swift; sourceTree = "<group>"; };
		54FDE77D1C71581600026292 /* ViewController.swift */ = {isa = PBXFileReference; lastKnownFileType = sourcecode.swift; path = ViewController.swift; sourceTree = "<group>"; };
		54FDE7801C71581600026292 /* Base */ = {isa = PBXFileReference; lastKnownFileType = file.storyboard; name = Base; path = Base.lproj/Main.storyboard; sourceTree = "<group>"; };
		54FDE7821C71581700026292 /* Assets.xcassets */ = {isa = PBXFileReference; lastKnownFileType = folder.assetcatalog; path = Assets.xcassets; sourceTree = "<group>"; };
		54FDE7851C71581700026292 /* Base */ = {isa = PBXFileReference; lastKnownFileType = file.storyboard; name = Base; path = Base.lproj/LaunchScreen.storyboard; sourceTree = "<group>"; };
		54FDE7871C71581700026292 /* Info.plist */ = {isa = PBXFileReference; lastKnownFileType = text.plist.xml; path = Info.plist; sourceTree = "<group>"; };
		54FDE78C1C71581700026292 /* TwitterTests.xctest */ = {isa = PBXFileReference; explicitFileType = wrapper.cfbundle; includeInIndex = 0; path = TwitterTests.xctest; sourceTree = BUILT_PRODUCTS_DIR; };
		54FDE7901C71581700026292 /* TwitterTests.swift */ = {isa = PBXFileReference; lastKnownFileType = sourcecode.swift; path = TwitterTests.swift; sourceTree = "<group>"; };
		54FDE7921C71581700026292 /* Info.plist */ = {isa = PBXFileReference; lastKnownFileType = text.plist.xml; path = Info.plist; sourceTree = "<group>"; };
		54FDE7971C71581700026292 /* TwitterUITests.xctest */ = {isa = PBXFileReference; explicitFileType = wrapper.cfbundle; includeInIndex = 0; path = TwitterUITests.xctest; sourceTree = BUILT_PRODUCTS_DIR; };
		54FDE79B1C71581700026292 /* TwitterUITests.swift */ = {isa = PBXFileReference; lastKnownFileType = sourcecode.swift; path = TwitterUITests.swift; sourceTree = "<group>"; };
		54FDE79D1C71581700026292 /* Info.plist */ = {isa = PBXFileReference; lastKnownFileType = text.plist.xml; path = Info.plist; sourceTree = "<group>"; };
/* End PBXFileReference section */

/* Begin PBXFrameworksBuildPhase section */
		54FDE7751C71581600026292 /* Frameworks */ = {
			isa = PBXFrameworksBuildPhase;
			buildActionMask = 2147483647;
			files = (
			);
			runOnlyForDeploymentPostprocessing = 0;
		};
		54FDE7891C71581700026292 /* Frameworks */ = {
			isa = PBXFrameworksBuildPhase;
			buildActionMask = 2147483647;
			files = (
			);
			runOnlyForDeploymentPostprocessing = 0;
		};
		54FDE7941C71581700026292 /* Frameworks */ = {
			isa = PBXFrameworksBuildPhase;
			buildActionMask = 2147483647;
			files = (
			);
			runOnlyForDeploymentPostprocessing = 0;
		};
/* End PBXFrameworksBuildPhase section */

/* Begin PBXGroup section */
		54FDE76F1C71581600026292 = {
			isa = PBXGroup;
			children = (
				54FDE77A1C71581600026292 /* Twitter */,
				54FDE78F1C71581700026292 /* TwitterTests */,
				54FDE79A1C71581700026292 /* TwitterUITests */,
				54FDE7791C71581600026292 /* Products */,
			);
			sourceTree = "<group>";
		};
		54FDE7791C71581600026292 /* Products */ = {
			isa = PBXGroup;
			children = (
				54FDE7781C71581600026292 /* Twitter.app */,
				54FDE78C1C71581700026292 /* TwitterTests.xctest */,
				54FDE7971C71581700026292 /* TwitterUITests.xctest */,
			);
			name = Products;
			sourceTree = "<group>";
		};
		54FDE77A1C71581600026292 /* Twitter */ = {
			isa = PBXGroup;
			children = (
				54FDE77B1C71581600026292 /* AppDelegate.swift */,
				54FDE77D1C71581600026292 /* ViewController.swift */,
				54FDE77F1C71581600026292 /* Main.storyboard */,
				54FDE7821C71581700026292 /* Assets.xcassets */,
				54FDE7841C71581700026292 /* LaunchScreen.storyboard */,
				54FDE7871C71581700026292 /* Info.plist */,
			);
			path = Twitter;
			sourceTree = "<group>";
		};
		54FDE78F1C71581700026292 /* TwitterTests */ = {
			isa = PBXGroup;
			children = (
				54FDE7901C71581700026292 /* TwitterTests.swift */,
				54FDE7921C71581700026292 /* Info.plist */,
			);
			path = TwitterTests;
			sourceTree = "<group>";
		};
		54FDE79A1C71581700026292 /* TwitterUITests */ = {
			isa = PBXGroup;
			children = (
				54FDE79B1C71581700026292 /* TwitterUITests.swift */,
				54FDE79D1C71581700026292 /* Info.plist */,
			);
			path = TwitterUITests;
			sourceTree = "<group>";
		};
/* End PBXGroup section */

/* Begin PBXNativeTarget section */
		54FDE7771C71581600026292 /* Twitter */ = {
			isa = PBXNativeTarget;
			buildConfigurationList = 54FDE7A01C71581700026292 /* Build configuration list for PBXNativeTarget "Twitter" */;
			buildPhases = (
				54FDE7741C71581600026292 /* Sources */,
				54FDE7751C71581600026292 /* Frameworks */,
				54FDE7761C71581600026292 /* Resources */,
			);
			buildRules = (
			);
			dependencies = (
			);
			name = Twitter;
			productName = Twitter;
			productReference = 54FDE7781C71581600026292 /* Twitter.app */;
			productType = "com.apple.product-type.application";
		};
		54FDE78B1C71581700026292 /* TwitterTests */ = {
			isa = PBXNativeTarget;
			buildConfigurationList = 54FDE7A31C71581700026292 /* Build configuration list for PBXNativeTarget "TwitterTests" */;
			buildPhases = (
				54FDE7881C71581700026292 /* Sources */,
				54FDE7891C71581700026292 /* Frameworks */,
				54FDE78A1C71581700026292 /* Resources */,
			);
			buildRules = (
			);
			dependencies = (
				54FDE78E1C71581700026292 /* PBXTargetDependency */,
			);
			name = TwitterTests;
			productName = TwitterTests;
			productReference = 54FDE78C1C71581700026292 /* TwitterTests.xctest */;
			productType = "com.apple.product-type.bundle.unit-test";
		};
		54FDE7961C71581700026292 /* TwitterUITests */ = {
			isa = PBXNativeTarget;
			buildConfigurationList = 54FDE7A61C71581700026292 /* Build configuration list for PBXNativeTarget "TwitterUITests" */;
			buildPhases = (
				54FDE7931C71581700026292 /* Sources */,
				54FDE7941C71581700026292 /* Frameworks */,
				54FDE7951C71581700026292 /* Resources */,
			);
			buildRules = (
			);
			dependencies = (
				54FDE7991C71581700026292 /* PBXTargetDependency */,
			);
			name = TwitterUITests;
			productName = TwitterUITests;
			productReference = 54FDE7971C71581700026292 /* TwitterUITests.xctest */;
			productType = "com.apple.product-type.bundle.ui-testing";
		};
/* End PBXNativeTarget section */

/* Begin PBXProject section */
		54FDE7701C71581600026292 /* Project object */ = {
			isa = PBXProject;
			attributes = {
				LastSwiftUpdateCheck = 0720;
				LastUpgradeCheck = 0720;
				ORGANIZATIONNAME = makhmudislamov;
				TargetAttributes = {
					54FDE7771C71581600026292 = {
						CreatedOnToolsVersion = 7.2;
					};
					54FDE78B1C71581700026292 = {
						CreatedOnToolsVersion = 7.2;
						TestTargetID = 54FDE7771C71581600026292;
					};
					54FDE7961C71581700026292 = {
						CreatedOnToolsVersion = 7.2;
						TestTargetID = 54FDE7771C71581600026292;
					};
				};
			};
			buildConfigurationList = 54FDE7731C71581600026292 /* Build configuration list for PBXProject "Twitter" */;
			compatibilityVersion = "Xcode 3.2";
			developmentRegion = English;
			hasScannedForEncodings = 0;
			knownRegions = (
				en,
				Base,
			);
			mainGroup = 54FDE76F1C71581600026292;
			productRefGroup = 54FDE7791C71581600026292 /* Products */;
			projectDirPath = "";
			projectRoot = "";
			targets = (
				54FDE7771C71581600026292 /* Twitter */,
				54FDE78B1C71581700026292 /* TwitterTests */,
				54FDE7961C71581700026292 /* TwitterUITests */,
			);
		};
/* End PBXProject section */

/* Begin PBXResourcesBuildPhase section */
		54FDE7761C71581600026292 /* Resources */ = {
			isa = PBXResourcesBuildPhase;
			buildActionMask = 2147483647;
			files = (
				54FDE7861C71581700026292 /* LaunchScreen.storyboard in Resources */,
				54FDE7831C71581700026292 /* Assets.xcassets in Resources */,
				54FDE7811C71581600026292 /* Main.storyboard in Resources */,
			);
			runOnlyForDeploymentPostprocessing = 0;
		};
		54FDE78A1C71581700026292 /* Resources */ = {
			isa = PBXResourcesBuildPhase;
			buildActionMask = 2147483647;
			files = (
			);
			runOnlyForDeploymentPostprocessing = 0;
		};
		54FDE7951C71581700026292 /* Resources */ = {
			isa = PBXResourcesBuildPhase;
			buildActionMask = 2147483647;
			files = (
			);
			runOnlyForDeploymentPostprocessing = 0;
		};
/* End PBXResourcesBuildPhase section */

/* Begin PBXSourcesBuildPhase section */
		54FDE7741C71581600026292 /* Sources */ = {
			isa = PBXSourcesBuildPhase;
			buildActionMask = 2147483647;
			files = (
				54FDE77E1C71581600026292 /* ViewController.swift in Sources */,
				54FDE77C1C71581600026292 /* AppDelegate.swift in Sources */,
			);
			runOnlyForDeploymentPostprocessing = 0;
		};
		54FDE7881C71581700026292 /* Sources */ = {
			isa = PBXSourcesBuildPhase;
			buildActionMask = 2147483647;
			files = (
				54FDE7911C71581700026292 /* TwitterTests.swift in Sources */,
			);
			runOnlyForDeploymentPostprocessing = 0;
		};
		54FDE7931C71581700026292 /* Sources */ = {
			isa = PBXSourcesBuildPhase;
			buildActionMask = 2147483647;
			files = (
				54FDE79C1C71581700026292 /* TwitterUITests.swift in Sources */,
			);
			runOnlyForDeploymentPostprocessing = 0;
		};
/* End PBXSourcesBuildPhase section */

/* Begin PBXTargetDependency section */
		54FDE78E1C71581700026292 /* PBXTargetDependency */ = {
			isa = PBXTargetDependency;
			target = 54FDE7771C71581600026292 /* Twitter */;
			targetProxy = 54FDE78D1C71581700026292 /* PBXContainerItemProxy */;
		};
		54FDE7991C71581700026292 /* PBXTargetDependency */ = {
			isa = PBXTargetDependency;
			target = 54FDE7771C71581600026292 /* Twitter */;
			targetProxy = 54FDE7981C71581700026292 /* PBXContainerItemProxy */;
		};
/* End PBXTargetDependency section */

/* Begin PBXVariantGroup section */
		54FDE77F1C71581600026292 /* Main.storyboard */ = {
			isa = PBXVariantGroup;
			children = (
				54FDE7801C71581600026292 /* Base */,
			);
			name = Main.storyboard;
			sourceTree = "<group>";
		};
		54FDE7841C71581700026292 /* LaunchScreen.storyboard */ = {
			isa = PBXVariantGroup;
			children = (
				54FDE7851C71581700026292 /* Base */,
			);
			name = LaunchScreen.storyboard;
			sourceTree = "<group>";
		};
/* End PBXVariantGroup section */

/* Begin XCBuildConfiguration section */
		54FDE79E1C71581700026292 /* Debug */ = {
			isa = XCBuildConfiguration;
			buildSettings = {
				ALWAYS_SEARCH_USER_PATHS = NO;
				CLANG_CXX_LANGUAGE_STANDARD = "gnu++0x";
				CLANG_CXX_LIBRARY = "libc++";
				CLANG_ENABLE_MODULES = YES;
				CLANG_ENABLE_OBJC_ARC = YES;
				CLANG_WARN_BOOL_CONVERSION = YES;
				CLANG_WARN_CONSTANT_CONVERSION = YES;
				CLANG_WARN_DIRECT_OBJC_ISA_USAGE = YES_ERROR;
				CLANG_WARN_EMPTY_BODY = YES;
				CLANG_WARN_ENUM_CONVERSION = YES;
				CLANG_WARN_INT_CONVERSION = YES;
				CLANG_WARN_OBJC_ROOT_CLASS = YES_ERROR;
				CLANG_WARN_UNREACHABLE_CODE = YES;
				CLANG_WARN__DUPLICATE_METHOD_MATCH = YES;
				"CODE_SIGN_IDENTITY[sdk=iphoneos*]" = "iPhone Developer";
				COPY_PHASE_STRIP = NO;
				DEBUG_INFORMATION_FORMAT = dwarf;
				ENABLE_STRICT_OBJC_MSGSEND = YES;
				ENABLE_TESTABILITY = YES;
				GCC_C_LANGUAGE_STANDARD = gnu99;
				GCC_DYNAMIC_NO_PIC = NO;
				GCC_NO_COMMON_BLOCKS = YES;
				GCC_OPTIMIZATION_LEVEL = 0;
				GCC_PREPROCESSOR_DEFINITIONS = (
					"DEBUG=1",
					"$(inherited)",
				);
				GCC_WARN_64_TO_32_BIT_CONVERSION = YES;
				GCC_WARN_ABOUT_RETURN_TYPE = YES_ERROR;
				GCC_WARN_UNDECLARED_SELECTOR = YES;
				GCC_WARN_UNINITIALIZED_AUTOS = YES_AGGRESSIVE;
				GCC_WARN_UNUSED_FUNCTION = YES;
				GCC_WARN_UNUSED_VARIABLE = YES;
				IPHONEOS_DEPLOYMENT_TARGET = 9.2;
				MTL_ENABLE_DEBUG_INFO = YES;
				ONLY_ACTIVE_ARCH = YES;
				SDKROOT = iphoneos;
				SWIFT_OPTIMIZATION_LEVEL = "-Onone";
				TARGETED_DEVICE_FAMILY = "1,2";
			};
			name = Debug;
		};
		54FDE79F1C71581700026292 /* Release */ = {
			isa = XCBuildConfiguration;
			buildSettings = {
				ALWAYS_SEARCH_USER_PATHS = NO;
				CLANG_CXX_LANGUAGE_STANDARD = "gnu++0x";
				CLANG_CXX_LIBRARY = "libc++";
				CLANG_ENABLE_MODULES = YES;
				CLANG_ENABLE_OBJC_ARC = YES;
				CLANG_WARN_BOOL_CONVERSION = YES;
				CLANG_WARN_CONSTANT_CONVERSION = YES;
				CLANG_WARN_DIRECT_OBJC_ISA_USAGE = YES_ERROR;
				CLANG_WARN_EMPTY_BODY = YES;
				CLANG_WARN_ENUM_CONVERSION = YES;
				CLANG_WARN_INT_CONVERSION = YES;
				CLANG_WARN_OBJC_ROOT_CLASS = YES_ERROR;
				CLANG_WARN_UNREACHABLE_CODE = YES;
				CLANG_WARN__DUPLICATE_METHOD_MATCH = YES;
				"CODE_SIGN_IDENTITY[sdk=iphoneos*]" = "iPhone Developer";
				COPY_PHASE_STRIP = NO;
				DEBUG_INFORMATION_FORMAT = "dwarf-with-dsym";
				ENABLE_NS_ASSERTIONS = NO;
				ENABLE_STRICT_OBJC_MSGSEND = YES;
				GCC_C_LANGUAGE_STANDARD = gnu99;
				GCC_NO_COMMON_BLOCKS = YES;
				GCC_WARN_64_TO_32_BIT_CONVERSION = YES;
				GCC_WARN_ABOUT_RETURN_TYPE = YES_ERROR;
				GCC_WARN_UNDECLARED_SELECTOR = YES;
				GCC_WARN_UNINITIALIZED_AUTOS = YES_AGGRESSIVE;
				GCC_WARN_UNUSED_FUNCTION = YES;
				GCC_WARN_UNUSED_VARIABLE = YES;
				IPHONEOS_DEPLOYMENT_TARGET = 9.2;
				MTL_ENABLE_DEBUG_INFO = NO;
				SDKROOT = iphoneos;
				TARGETED_DEVICE_FAMILY = "1,2";
				VALIDATE_PRODUCT = YES;
			};
			name = Release;
		};
		54FDE7A11C71581700026292 /* Debug */ = {
			isa = XCBuildConfiguration;
			buildSettings = {
				ASSETCATALOG_COMPILER_APPICON_NAME = AppIcon;
				INFOPLIST_FILE = Twitter/Info.plist;
				LD_RUNPATH_SEARCH_PATHS = "$(inherited) @executable_path/Frameworks";
				PRODUCT_BUNDLE_IDENTIFIER = codepath.com.Twitter;
				PRODUCT_NAME = "$(TARGET_NAME)";
			};
			name = Debug;
		};
		54FDE7A21C71581700026292 /* Release */ = {
			isa = XCBuildConfiguration;
			buildSettings = {
				ASSETCATALOG_COMPILER_APPICON_NAME = AppIcon;
				INFOPLIST_FILE = Twitter/Info.plist;
				LD_RUNPATH_SEARCH_PATHS = "$(inherited) @executable_path/Frameworks";
				PRODUCT_BUNDLE_IDENTIFIER = codepath.com.Twitter;
				PRODUCT_NAME = "$(TARGET_NAME)";
			};
			name = Release;
		};
		54FDE7A41C71581700026292 /* Debug */ = {
			isa = XCBuildConfiguration;
			buildSettings = {
				BUNDLE_LOADER = "$(TEST_HOST)";
				INFOPLIST_FILE = TwitterTests/Info.plist;
				LD_RUNPATH_SEARCH_PATHS = "$(inherited) @executable_path/Frameworks @loader_path/Frameworks";
				PRODUCT_BUNDLE_IDENTIFIER = codepath.com.TwitterTests;
				PRODUCT_NAME = "$(TARGET_NAME)";
				TEST_HOST = "$(BUILT_PRODUCTS_DIR)/Twitter.app/Twitter";
			};
			name = Debug;
		};
		54FDE7A51C71581700026292 /* Release */ = {
			isa = XCBuildConfiguration;
			buildSettings = {
				BUNDLE_LOADER = "$(TEST_HOST)";
				INFOPLIST_FILE = TwitterTests/Info.plist;
				LD_RUNPATH_SEARCH_PATHS = "$(inherited) @executable_path/Frameworks @loader_path/Frameworks";
				PRODUCT_BUNDLE_IDENTIFIER = codepath.com.TwitterTests;
				PRODUCT_NAME = "$(TARGET_NAME)";
				TEST_HOST = "$(BUILT_PRODUCTS_DIR)/Twitter.app/Twitter";
			};
			name = Release;
		};
		54FDE7A71C71581700026292 /* Debug */ = {
			isa = XCBuildConfiguration;
			buildSettings = {
				INFOPLIST_FILE = TwitterUITests/Info.plist;
				LD_RUNPATH_SEARCH_PATHS = "$(inherited) @executable_path/Frameworks @loader_path/Frameworks";
				PRODUCT_BUNDLE_IDENTIFIER = codepath.com.TwitterUITests;
				PRODUCT_NAME = "$(TARGET_NAME)";
				TEST_TARGET_NAME = Twitter;
				USES_XCTRUNNER = YES;
			};
			name = Debug;
		};
		54FDE7A81C71581700026292 /* Release */ = {
			isa = XCBuildConfiguration;
			buildSettings = {
				INFOPLIST_FILE = TwitterUITests/Info.plist;
				LD_RUNPATH_SEARCH_PATHS = "$(inherited) @executable_path/Frameworks @loader_path/Frameworks";
				PRODUCT_BUNDLE_IDENTIFIER = codepath.com.TwitterUITests;
				PRODUCT_NAME = "$(TARGET_NAME)";
				TEST_TARGET_NAME = Twitter;
				USES_XCTRUNNER = YES;
			};
			name = Release;
		};
/* End XCBuildConfiguration section */

/* Begin XCConfigurationList section */
		54FDE7731C71581600026292 /* Build configuration list for PBXProject "Twitter" */ = {
			isa = XCConfigurationList;
			buildConfigurations = (
				54FDE79E1C71581700026292 /* Debug */,
				54FDE79F1C71581700026292 /* Release */,
			);
			defaultConfigurationIsVisible = 0;
			defaultConfigurationName = Release;
		};
		54FDE7A01C71581700026292 /* Build configuration list for PBXNativeTarget "Twitter" */ = {
			isa = XCConfigurationList;
			buildConfigurations = (
				54FDE7A11C71581700026292 /* Debug */,
				54FDE7A21C71581700026292 /* Release */,
			);
			defaultConfigurationIsVisible = 0;
		};
		54FDE7A31C71581700026292 /* Build configuration list for PBXNativeTarget "TwitterTests" */ = {
			isa = XCConfigurationList;
			buildConfigurations = (
				54FDE7A41C71581700026292 /* Debug */,
				54FDE7A51C71581700026292 /* Release */,
			);
			defaultConfigurationIsVisible = 0;
		};
		54FDE7A61C71581700026292 /* Build configuration list for PBXNativeTarget "TwitterUITests" */ = {
			isa = XCConfigurationList;
			buildConfigurations = (
				54FDE7A71C71581700026292 /* Debug */,
				54FDE7A81C71581700026292 /* Release */,
			);
			defaultConfigurationIsVisible = 0;
		};
/* End XCConfigurationList section */
	};
	rootObject = 54FDE7701C71581600026292 /* Project object */;
}
